// !$*UTF8*$!
{
	archiveVersion = 1;
	classes = {
	};
	objectVersion = 50;
	objects = {

/* Begin PBXBuildFile section */
		4B325F9A2162A37100B77A19 /* ZXBinarizer.swift in Sources */ = {isa = PBXBuildFile; fileRef = 4B325F992162A37100B77A19 /* ZXBinarizer.swift */; };
		4B325F9B2162A37100B77A19 /* ZXBinarizer.swift in Sources */ = {isa = PBXBuildFile; fileRef = 4B325F992162A37100B77A19 /* ZXBinarizer.swift */; };
		4B325F9D2162A77700B77A19 /* ZXByteMatrix.swift in Sources */ = {isa = PBXBuildFile; fileRef = 4B325F9C2162A77700B77A19 /* ZXByteMatrix.swift */; };
		4B325F9E2162A77700B77A19 /* ZXByteMatrix.swift in Sources */ = {isa = PBXBuildFile; fileRef = 4B325F9C2162A77700B77A19 /* ZXByteMatrix.swift */; };
		4B325FA02162A81800B77A19 /* ZXWriter.swift in Sources */ = {isa = PBXBuildFile; fileRef = 4B325F9F2162A81800B77A19 /* ZXWriter.swift */; };
		4B325FA12162A81800B77A19 /* ZXWriter.swift in Sources */ = {isa = PBXBuildFile; fileRef = 4B325F9F2162A81800B77A19 /* ZXWriter.swift */; };
		4B325FA32162A85200B77A19 /* ZXEncodeHints.swift in Sources */ = {isa = PBXBuildFile; fileRef = 4B325FA22162A85200B77A19 /* ZXEncodeHints.swift */; };
		4B325FA42162A85200B77A19 /* ZXEncodeHints.swift in Sources */ = {isa = PBXBuildFile; fileRef = 4B325FA22162A85200B77A19 /* ZXEncodeHints.swift */; };
		4B497DB321616CF500F366F1 /* ZXIntArray.swift in Sources */ = {isa = PBXBuildFile; fileRef = 4B497DB221616CF500F366F1 /* ZXIntArray.swift */; };
		4B497DB421616CF500F366F1 /* ZXIntArray.swift in Sources */ = {isa = PBXBuildFile; fileRef = 4B497DB221616CF500F366F1 /* ZXIntArray.swift */; };
		4B497DB62161723800F366F1 /* ZXBitMatrix.swift in Sources */ = {isa = PBXBuildFile; fileRef = 4B497DB52161723800F366F1 /* ZXBitMatrix.swift */; };
		4B497DB72161723800F366F1 /* ZXBitMatrix.swift in Sources */ = {isa = PBXBuildFile; fileRef = 4B497DB52161723800F366F1 /* ZXBitMatrix.swift */; };
		4B497DB92161726D00F366F1 /* ZXBitMatrixTestCase.swift in Sources */ = {isa = PBXBuildFile; fileRef = 4B497DB82161726D00F366F1 /* ZXBitMatrixTestCase.swift */; };
		4B497DBA2161726D00F366F1 /* ZXBitMatrixTestCase.swift in Sources */ = {isa = PBXBuildFile; fileRef = 4B497DB82161726D00F366F1 /* ZXBitMatrixTestCase.swift */; };
		4B7D3A7E2160C7390075D468 /* ZXBitArray.swift in Sources */ = {isa = PBXBuildFile; fileRef = 4B7D3A7D2160C7390075D468 /* ZXBitArray.swift */; };
		4B7D3A7F2160C7390075D468 /* ZXBitArray.swift in Sources */ = {isa = PBXBuildFile; fileRef = 4B7D3A7D2160C7390075D468 /* ZXBitArray.swift */; };
		4B7D3A812160C9D20075D468 /* ZXByteArray.swift in Sources */ = {isa = PBXBuildFile; fileRef = 4B7D3A802160C9D20075D468 /* ZXByteArray.swift */; };
		4B7D3A822160C9D20075D468 /* ZXByteArray.swift in Sources */ = {isa = PBXBuildFile; fileRef = 4B7D3A802160C9D20075D468 /* ZXByteArray.swift */; };
		4B7D3A842160CC980075D468 /* ZXLuminanceSource.swift in Sources */ = {isa = PBXBuildFile; fileRef = 4B7D3A832160CC980075D468 /* ZXLuminanceSource.swift */; };
		4B7D3A852160CC980075D468 /* ZXLuminanceSource.swift in Sources */ = {isa = PBXBuildFile; fileRef = 4B7D3A832160CC980075D468 /* ZXLuminanceSource.swift */; };
		4B7D3A872160CCE90075D468 /* ZXInvertedLuminanceSource.swift in Sources */ = {isa = PBXBuildFile; fileRef = 4B7D3A862160CCE90075D468 /* ZXInvertedLuminanceSource.swift */; };
		4B7D3A882160CCE90075D468 /* ZXInvertedLuminanceSource.swift in Sources */ = {isa = PBXBuildFile; fileRef = 4B7D3A862160CCE90075D468 /* ZXInvertedLuminanceSource.swift */; };
		4B7D3A8A2160D5FC0075D468 /* ZXBitSource.swift in Sources */ = {isa = PBXBuildFile; fileRef = 4B7D3A892160D5FC0075D468 /* ZXBitSource.swift */; };
		4B7D3A8B2160D5FC0075D468 /* ZXBitSource.swift in Sources */ = {isa = PBXBuildFile; fileRef = 4B7D3A892160D5FC0075D468 /* ZXBitSource.swift */; };
		4B7D3A8D2160D6DB0075D468 /* ZXBoolArray.swift in Sources */ = {isa = PBXBuildFile; fileRef = 4B7D3A8C2160D6DB0075D468 /* ZXBoolArray.swift */; };
		4B7D3A8E2160D6DB0075D468 /* ZXBoolArray.swift in Sources */ = {isa = PBXBuildFile; fileRef = 4B7D3A8C2160D6DB0075D468 /* ZXBoolArray.swift */; };
		4BB231AF215FC01B00ECFEE8 /* ZXDecodeHints.swift in Sources */ = {isa = PBXBuildFile; fileRef = 4BB231AE215FC01B00ECFEE8 /* ZXDecodeHints.swift */; };
		4BB231B0215FC01B00ECFEE8 /* ZXDecodeHints.swift in Sources */ = {isa = PBXBuildFile; fileRef = 4BB231AE215FC01B00ECFEE8 /* ZXDecodeHints.swift */; };
		4BB231B2215FC0AA00ECFEE8 /* Resources in Resources */ = {isa = PBXBuildFile; fileRef = 4BB231B1215FC0AA00ECFEE8 /* Resources */; };
		4BB231B3215FC0AA00ECFEE8 /* Resources in Resources */ = {isa = PBXBuildFile; fileRef = 4BB231B1215FC0AA00ECFEE8 /* Resources */; };
		4BC0568A21602276006727A4 /* ZXBarcodeFormat.swift in Sources */ = {isa = PBXBuildFile; fileRef = 4BC0568921602276006727A4 /* ZXBarcodeFormat.swift */; };
		4BC0568B21602276006727A4 /* ZXBarcodeFormat.swift in Sources */ = {isa = PBXBuildFile; fileRef = 4BC0568921602276006727A4 /* ZXBarcodeFormat.swift */; };
		4BC0568D21602318006727A4 /* ZXResultMetadataType.swift in Sources */ = {isa = PBXBuildFile; fileRef = 4BC0568C21602318006727A4 /* ZXResultMetadataType.swift */; };
		4BC0568E21602318006727A4 /* ZXResultMetadataType.swift in Sources */ = {isa = PBXBuildFile; fileRef = 4BC0568C21602318006727A4 /* ZXResultMetadataType.swift */; };
		4BCD4967215F70B00004869A /* zxingify.h in Headers */ = {isa = PBXBuildFile; fileRef = 4BCD4965215F70B00004869A /* zxingify.h */; settings = {ATTRIBUTES = (Public, ); }; };
		4BCD4979215F71BD0004869A /* zxingify.h in Headers */ = {isa = PBXBuildFile; fileRef = 4BCD4965215F70B00004869A /* zxingify.h */; settings = {ATTRIBUTES = (Public, ); }; };
		4BCD497B215F72950004869A /* ZXReader.swift in Sources */ = {isa = PBXBuildFile; fileRef = 4BCD497A215F72950004869A /* ZXReader.swift */; };
		4BCD497C215F72950004869A /* ZXReader.swift in Sources */ = {isa = PBXBuildFile; fileRef = 4BCD497A215F72950004869A /* ZXReader.swift */; };
		4BCD497E215F73020004869A /* ZXResult.swift in Sources */ = {isa = PBXBuildFile; fileRef = 4BCD497D215F73020004869A /* ZXResult.swift */; };
		4BCD497F215F73020004869A /* ZXResult.swift in Sources */ = {isa = PBXBuildFile; fileRef = 4BCD497D215F73020004869A /* ZXResult.swift */; };
		4BCD4981215F732D0004869A /* ZXBinaryBitmap.swift in Sources */ = {isa = PBXBuildFile; fileRef = 4BCD4980215F732D0004869A /* ZXBinaryBitmap.swift */; };
		4BCD4982215F732D0004869A /* ZXBinaryBitmap.swift in Sources */ = {isa = PBXBuildFile; fileRef = 4BCD4980215F732D0004869A /* ZXBinaryBitmap.swift */; };
		4BCD498B215F75870004869A /* ZXResultTest.swift in Sources */ = {isa = PBXBuildFile; fileRef = 4BCD498A215F75870004869A /* ZXResultTest.swift */; };
		4BCD498D215F75870004869A /* zxingify.framework in Frameworks */ = {isa = PBXBuildFile; fileRef = 4BCD4970215F71220004869A /* zxingify.framework */; };
		4BCD499C215F75DF0004869A /* zxingify.framework in Frameworks */ = {isa = PBXBuildFile; fileRef = 4BCD4962215F70B00004869A /* zxingify.framework */; };
		4BCD49A2215F76390004869A /* ZXResultTest.swift in Sources */ = {isa = PBXBuildFile; fileRef = 4BCD498A215F75870004869A /* ZXResultTest.swift */; };
		4BD97E1D2160E84B007D58CA /* ZXBitArrayTestCase.swift in Sources */ = {isa = PBXBuildFile; fileRef = 4BD97E1C2160E84B007D58CA /* ZXBitArrayTestCase.swift */; };
		4BD97E1E2160E84B007D58CA /* ZXBitArrayTestCase.swift in Sources */ = {isa = PBXBuildFile; fileRef = 4BD97E1C2160E84B007D58CA /* ZXBitArrayTestCase.swift */; };
/* End PBXBuildFile section */

/* Begin PBXContainerItemProxy section */
		4BCD498E215F75870004869A /* PBXContainerItemProxy */ = {
			isa = PBXContainerItemProxy;
			containerPortal = 4BCD4957215F70030004869A /* Project object */;
			proxyType = 1;
			remoteGlobalIDString = 4BCD496F215F71220004869A;
			remoteInfo = "zxingify macOS";
		};
		4BCD499D215F75DF0004869A /* PBXContainerItemProxy */ = {
			isa = PBXContainerItemProxy;
			containerPortal = 4BCD4957215F70030004869A /* Project object */;
			proxyType = 1;
			remoteGlobalIDString = 4BCD4961215F70B00004869A;
			remoteInfo = "zxingify iOS";
		};
/* End PBXContainerItemProxy section */

/* Begin PBXFileReference section */
		4B325F992162A37100B77A19 /* ZXBinarizer.swift */ = {isa = PBXFileReference; lastKnownFileType = sourcecode.swift; path = ZXBinarizer.swift; sourceTree = "<group>"; };
		4B325F9C2162A77700B77A19 /* ZXByteMatrix.swift */ = {isa = PBXFileReference; lastKnownFileType = sourcecode.swift; path = ZXByteMatrix.swift; sourceTree = "<group>"; };
		4B325F9F2162A81800B77A19 /* ZXWriter.swift */ = {isa = PBXFileReference; lastKnownFileType = sourcecode.swift; path = ZXWriter.swift; sourceTree = "<group>"; };
		4B325FA22162A85200B77A19 /* ZXEncodeHints.swift */ = {isa = PBXFileReference; lastKnownFileType = sourcecode.swift; path = ZXEncodeHints.swift; sourceTree = "<group>"; };
		4B497DB221616CF500F366F1 /* ZXIntArray.swift */ = {isa = PBXFileReference; lastKnownFileType = sourcecode.swift; path = ZXIntArray.swift; sourceTree = "<group>"; };
		4B497DB52161723800F366F1 /* ZXBitMatrix.swift */ = {isa = PBXFileReference; lastKnownFileType = sourcecode.swift; path = ZXBitMatrix.swift; sourceTree = "<group>"; };
		4B497DB82161726D00F366F1 /* ZXBitMatrixTestCase.swift */ = {isa = PBXFileReference; lastKnownFileType = sourcecode.swift; path = ZXBitMatrixTestCase.swift; sourceTree = "<group>"; };
		4B7D3A7D2160C7390075D468 /* ZXBitArray.swift */ = {isa = PBXFileReference; lastKnownFileType = sourcecode.swift; path = ZXBitArray.swift; sourceTree = "<group>"; };
		4B7D3A802160C9D20075D468 /* ZXByteArray.swift */ = {isa = PBXFileReference; lastKnownFileType = sourcecode.swift; path = ZXByteArray.swift; sourceTree = "<group>"; };
		4B7D3A832160CC980075D468 /* ZXLuminanceSource.swift */ = {isa = PBXFileReference; lastKnownFileType = sourcecode.swift; path = ZXLuminanceSource.swift; sourceTree = "<group>"; };
		4B7D3A862160CCE90075D468 /* ZXInvertedLuminanceSource.swift */ = {isa = PBXFileReference; lastKnownFileType = sourcecode.swift; path = ZXInvertedLuminanceSource.swift; sourceTree = "<group>"; };
		4B7D3A892160D5FC0075D468 /* ZXBitSource.swift */ = {isa = PBXFileReference; lastKnownFileType = sourcecode.swift; path = ZXBitSource.swift; sourceTree = "<group>"; };
		4B7D3A8C2160D6DB0075D468 /* ZXBoolArray.swift */ = {isa = PBXFileReference; lastKnownFileType = sourcecode.swift; path = ZXBoolArray.swift; sourceTree = "<group>"; };
		4BB231AE215FC01B00ECFEE8 /* ZXDecodeHints.swift */ = {isa = PBXFileReference; lastKnownFileType = sourcecode.swift; path = ZXDecodeHints.swift; sourceTree = "<group>"; };
		4BB231B1215FC0AA00ECFEE8 /* Resources */ = {isa = PBXFileReference; lastKnownFileType = folder; path = Resources; sourceTree = "<group>"; };
		4BC0568921602276006727A4 /* ZXBarcodeFormat.swift */ = {isa = PBXFileReference; lastKnownFileType = sourcecode.swift; path = ZXBarcodeFormat.swift; sourceTree = "<group>"; };
		4BC0568C21602318006727A4 /* ZXResultMetadataType.swift */ = {isa = PBXFileReference; lastKnownFileType = sourcecode.swift; path = ZXResultMetadataType.swift; sourceTree = "<group>"; };
		4BCD4962215F70B00004869A /* zxingify.framework */ = {isa = PBXFileReference; explicitFileType = wrapper.framework; includeInIndex = 0; path = zxingify.framework; sourceTree = BUILT_PRODUCTS_DIR; };
		4BCD4965215F70B00004869A /* zxingify.h */ = {isa = PBXFileReference; lastKnownFileType = sourcecode.c.h; path = zxingify.h; sourceTree = "<group>"; };
		4BCD4966215F70B00004869A /* Info-iOS.plist */ = {isa = PBXFileReference; lastKnownFileType = text.plist.xml; path = "Info-iOS.plist"; sourceTree = "<group>"; };
		4BCD4970215F71220004869A /* zxingify.framework */ = {isa = PBXFileReference; explicitFileType = wrapper.framework; includeInIndex = 0; path = zxingify.framework; sourceTree = BUILT_PRODUCTS_DIR; };
		4BCD4973215F71220004869A /* Info-macOS.plist */ = {isa = PBXFileReference; lastKnownFileType = text.plist.xml; path = "Info-macOS.plist"; sourceTree = "<group>"; };
		4BCD497A215F72950004869A /* ZXReader.swift */ = {isa = PBXFileReference; lastKnownFileType = sourcecode.swift; path = ZXReader.swift; sourceTree = "<group>"; };
		4BCD497D215F73020004869A /* ZXResult.swift */ = {isa = PBXFileReference; lastKnownFileType = sourcecode.swift; path = ZXResult.swift; sourceTree = "<group>"; };
		4BCD4980215F732D0004869A /* ZXBinaryBitmap.swift */ = {isa = PBXFileReference; lastKnownFileType = sourcecode.swift; path = ZXBinaryBitmap.swift; sourceTree = "<group>"; };
		4BCD4988215F75870004869A /* zxingify macOS Tests.xctest */ = {isa = PBXFileReference; explicitFileType = wrapper.cfbundle; includeInIndex = 0; path = "zxingify macOS Tests.xctest"; sourceTree = BUILT_PRODUCTS_DIR; };
		4BCD498A215F75870004869A /* ZXResultTest.swift */ = {isa = PBXFileReference; lastKnownFileType = sourcecode.swift; path = ZXResultTest.swift; sourceTree = "<group>"; };
		4BCD498C215F75870004869A /* Info-macOS-Tests.plist */ = {isa = PBXFileReference; lastKnownFileType = text.plist.xml; path = "Info-macOS-Tests.plist"; sourceTree = "<group>"; };
		4BCD4997215F75DF0004869A /* zxingify iOS Tests.xctest */ = {isa = PBXFileReference; explicitFileType = wrapper.cfbundle; includeInIndex = 0; path = "zxingify iOS Tests.xctest"; sourceTree = BUILT_PRODUCTS_DIR; };
		4BCD499B215F75DF0004869A /* Info-iOS-Tests.plist */ = {isa = PBXFileReference; lastKnownFileType = text.plist.xml; path = "Info-iOS-Tests.plist"; sourceTree = "<group>"; };
		4BD97E1C2160E84B007D58CA /* ZXBitArrayTestCase.swift */ = {isa = PBXFileReference; lastKnownFileType = sourcecode.swift; path = ZXBitArrayTestCase.swift; sourceTree = "<group>"; };
/* End PBXFileReference section */

/* Begin PBXFrameworksBuildPhase section */
		4BCD495F215F70B00004869A /* Frameworks */ = {
			isa = PBXFrameworksBuildPhase;
			buildActionMask = 2147483647;
			files = (
			);
			runOnlyForDeploymentPostprocessing = 0;
		};
		4BCD496D215F71220004869A /* Frameworks */ = {
			isa = PBXFrameworksBuildPhase;
			buildActionMask = 2147483647;
			files = (
			);
			runOnlyForDeploymentPostprocessing = 0;
		};
		4BCD4985215F75870004869A /* Frameworks */ = {
			isa = PBXFrameworksBuildPhase;
			buildActionMask = 2147483647;
			files = (
				4BCD498D215F75870004869A /* zxingify.framework in Frameworks */,
			);
			runOnlyForDeploymentPostprocessing = 0;
		};
		4BCD4994215F75DF0004869A /* Frameworks */ = {
			isa = PBXFrameworksBuildPhase;
			buildActionMask = 2147483647;
			files = (
				4BCD499C215F75DF0004869A /* zxingify.framework in Frameworks */,
			);
			runOnlyForDeploymentPostprocessing = 0;
		};
/* End PBXFrameworksBuildPhase section */

/* Begin PBXGroup section */
		4B7D3A7C2160C72A0075D468 /* Common */ = {
			isa = PBXGroup;
			children = (
				4B7D3A7D2160C7390075D468 /* ZXBitArray.swift */,
				4B497DB52161723800F366F1 /* ZXBitMatrix.swift */,
				4B7D3A892160D5FC0075D468 /* ZXBitSource.swift */,
				4B7D3A8C2160D6DB0075D468 /* ZXBoolArray.swift */,
				4B7D3A802160C9D20075D468 /* ZXByteArray.swift */,
				4B325F9C2162A77700B77A19 /* ZXByteMatrix.swift */,
				4B497DB221616CF500F366F1 /* ZXIntArray.swift */,
			);
			path = Common;
			sourceTree = "<group>";
		};
		4BCD4956215F70030004869A = {
			isa = PBXGroup;
			children = (
				4BCD4978215F71290004869A /* Sources */,
				4BCD4989215F75870004869A /* Tests */,
				4BCD4963215F70B00004869A /* Products */,
			);
			sourceTree = "<group>";
		};
		4BCD4963215F70B00004869A /* Products */ = {
			isa = PBXGroup;
			children = (
				4BCD4962215F70B00004869A /* zxingify.framework */,
				4BCD4970215F71220004869A /* zxingify.framework */,
				4BCD4988215F75870004869A /* zxingify macOS Tests.xctest */,
				4BCD4997215F75DF0004869A /* zxingify iOS Tests.xctest */,
			);
			name = Products;
			sourceTree = "<group>";
		};
		4BCD4978215F71290004869A /* Sources */ = {
			isa = PBXGroup;
			children = (
				4B7D3A7C2160C72A0075D468 /* Common */,
				4BCD4983215F73330004869A /* Core */,
				4BCD4965215F70B00004869A /* zxingify.h */,
				4BCD4966215F70B00004869A /* Info-iOS.plist */,
				4BCD4973215F71220004869A /* Info-macOS.plist */,
			);
			path = Sources;
			sourceTree = "<group>";
		};
		4BCD4983215F73330004869A /* Core */ = {
			isa = PBXGroup;
			children = (
				4BC0568921602276006727A4 /* ZXBarcodeFormat.swift */,
				4B325F992162A37100B77A19 /* ZXBinarizer.swift */,
				4BCD4980215F732D0004869A /* ZXBinaryBitmap.swift */,
				4BB231AE215FC01B00ECFEE8 /* ZXDecodeHints.swift */,
				4B325FA22162A85200B77A19 /* ZXEncodeHints.swift */,
				4B7D3A862160CCE90075D468 /* ZXInvertedLuminanceSource.swift */,
				4B7D3A832160CC980075D468 /* ZXLuminanceSource.swift */,
				4BCD497A215F72950004869A /* ZXReader.swift */,
				4BCD497D215F73020004869A /* ZXResult.swift */,
				4BC0568C21602318006727A4 /* ZXResultMetadataType.swift */,
				4B325F9F2162A81800B77A19 /* ZXWriter.swift */,
			);
			path = Core;
			sourceTree = "<group>";
		};
		4BCD4989215F75870004869A /* Tests */ = {
			isa = PBXGroup;
			children = (
				4BD97E1B2160E83A007D58CA /* Common */,
				4BB231B1215FC0AA00ECFEE8 /* Resources */,
				4BCD498A215F75870004869A /* ZXResultTest.swift */,
				4BCD499B215F75DF0004869A /* Info-iOS-Tests.plist */,
				4BCD498C215F75870004869A /* Info-macOS-Tests.plist */,
			);
			path = Tests;
			sourceTree = "<group>";
		};
		4BD97E1B2160E83A007D58CA /* Common */ = {
			isa = PBXGroup;
			children = (
				4BD97E1C2160E84B007D58CA /* ZXBitArrayTestCase.swift */,
				4B497DB82161726D00F366F1 /* ZXBitMatrixTestCase.swift */,
			);
			path = Common;
			sourceTree = "<group>";
		};
/* End PBXGroup section */

/* Begin PBXHeadersBuildPhase section */
		4BCD495D215F70B00004869A /* Headers */ = {
			isa = PBXHeadersBuildPhase;
			buildActionMask = 2147483647;
			files = (
				4BCD4967215F70B00004869A /* zxingify.h in Headers */,
			);
			runOnlyForDeploymentPostprocessing = 0;
		};
		4BCD496B215F71220004869A /* Headers */ = {
			isa = PBXHeadersBuildPhase;
			buildActionMask = 2147483647;
			files = (
				4BCD4979215F71BD0004869A /* zxingify.h in Headers */,
			);
			runOnlyForDeploymentPostprocessing = 0;
		};
/* End PBXHeadersBuildPhase section */

/* Begin PBXNativeTarget section */
		4BCD4961215F70B00004869A /* zxingify iOS */ = {
			isa = PBXNativeTarget;
			buildConfigurationList = 4BCD4968215F70B00004869A /* Build configuration list for PBXNativeTarget "zxingify iOS" */;
			buildPhases = (
				4BCD495D215F70B00004869A /* Headers */,
				4BCD495E215F70B00004869A /* Sources */,
				4BCD495F215F70B00004869A /* Frameworks */,
				4BCD4960215F70B00004869A /* Resources */,
			);
			buildRules = (
			);
			dependencies = (
			);
			name = "zxingify iOS";
			productName = "zxingify iOS";
			productReference = 4BCD4962215F70B00004869A /* zxingify.framework */;
			productType = "com.apple.product-type.framework";
		};
		4BCD496F215F71220004869A /* zxingify macOS */ = {
			isa = PBXNativeTarget;
			buildConfigurationList = 4BCD4975215F71220004869A /* Build configuration list for PBXNativeTarget "zxingify macOS" */;
			buildPhases = (
				4BCD496B215F71220004869A /* Headers */,
				4BCD496C215F71220004869A /* Sources */,
				4BCD496D215F71220004869A /* Frameworks */,
				4BCD496E215F71220004869A /* Resources */,
			);
			buildRules = (
			);
			dependencies = (
			);
			name = "zxingify macOS";
			productName = "zxingify macOS";
			productReference = 4BCD4970215F71220004869A /* zxingify.framework */;
			productType = "com.apple.product-type.framework";
		};
		4BCD4987215F75870004869A /* zxingify macOS Tests */ = {
			isa = PBXNativeTarget;
			buildConfigurationList = 4BCD4990215F75870004869A /* Build configuration list for PBXNativeTarget "zxingify macOS Tests" */;
			buildPhases = (
				4BCD4984215F75870004869A /* Sources */,
				4BCD4985215F75870004869A /* Frameworks */,
				4BCD4986215F75870004869A /* Resources */,
			);
			buildRules = (
			);
			dependencies = (
				4BCD498F215F75870004869A /* PBXTargetDependency */,
			);
			name = "zxingify macOS Tests";
			productName = "zxingify macOS Tests";
			productReference = 4BCD4988215F75870004869A /* zxingify macOS Tests.xctest */;
			productType = "com.apple.product-type.bundle.unit-test";
		};
		4BCD4996215F75DF0004869A /* zxingify iOS Tests */ = {
			isa = PBXNativeTarget;
			buildConfigurationList = 4BCD499F215F75DF0004869A /* Build configuration list for PBXNativeTarget "zxingify iOS Tests" */;
			buildPhases = (
				4BCD4993215F75DF0004869A /* Sources */,
				4BCD4994215F75DF0004869A /* Frameworks */,
				4BCD4995215F75DF0004869A /* Resources */,
			);
			buildRules = (
			);
			dependencies = (
				4BCD499E215F75DF0004869A /* PBXTargetDependency */,
			);
			name = "zxingify iOS Tests";
			productName = "zxingify iOS Tests";
			productReference = 4BCD4997215F75DF0004869A /* zxingify iOS Tests.xctest */;
			productType = "com.apple.product-type.bundle.unit-test";
		};
/* End PBXNativeTarget section */

/* Begin PBXProject section */
		4BCD4957215F70030004869A /* Project object */ = {
			isa = PBXProject;
			attributes = {
				LastSwiftUpdateCheck = 1000;
				LastUpgradeCheck = 1000;
				TargetAttributes = {
					4BCD4961215F70B00004869A = {
						CreatedOnToolsVersion = 10.0;
						LastSwiftMigration = 1000;
					};
					4BCD496F215F71220004869A = {
						CreatedOnToolsVersion = 10.0;
						LastSwiftMigration = 1000;
					};
					4BCD4987215F75870004869A = {
						CreatedOnToolsVersion = 10.0;
					};
					4BCD4996215F75DF0004869A = {
						CreatedOnToolsVersion = 10.0;
					};
				};
			};
			buildConfigurationList = 4BCD495A215F70030004869A /* Build configuration list for PBXProject "zxingify" */;
			compatibilityVersion = "Xcode 9.3";
			developmentRegion = en;
			hasScannedForEncodings = 0;
			knownRegions = (
				en,
			);
			mainGroup = 4BCD4956215F70030004869A;
			productRefGroup = 4BCD4963215F70B00004869A /* Products */;
			projectDirPath = "";
			projectRoot = "";
			targets = (
				4BCD4961215F70B00004869A /* zxingify iOS */,
				4BCD496F215F71220004869A /* zxingify macOS */,
				4BCD4996215F75DF0004869A /* zxingify iOS Tests */,
				4BCD4987215F75870004869A /* zxingify macOS Tests */,
			);
		};
/* End PBXProject section */

/* Begin PBXResourcesBuildPhase section */
		4BCD4960215F70B00004869A /* Resources */ = {
			isa = PBXResourcesBuildPhase;
			buildActionMask = 2147483647;
			files = (
			);
			runOnlyForDeploymentPostprocessing = 0;
		};
		4BCD496E215F71220004869A /* Resources */ = {
			isa = PBXResourcesBuildPhase;
			buildActionMask = 2147483647;
			files = (
			);
			runOnlyForDeploymentPostprocessing = 0;
		};
		4BCD4986215F75870004869A /* Resources */ = {
			isa = PBXResourcesBuildPhase;
			buildActionMask = 2147483647;
			files = (
				4BB231B3215FC0AA00ECFEE8 /* Resources in Resources */,
			);
			runOnlyForDeploymentPostprocessing = 0;
		};
		4BCD4995215F75DF0004869A /* Resources */ = {
			isa = PBXResourcesBuildPhase;
			buildActionMask = 2147483647;
			files = (
				4BB231B2215FC0AA00ECFEE8 /* Resources in Resources */,
			);
			runOnlyForDeploymentPostprocessing = 0;
		};
/* End PBXResourcesBuildPhase section */

/* Begin PBXSourcesBuildPhase section */
		4BCD495E215F70B00004869A /* Sources */ = {
			isa = PBXSourcesBuildPhase;
			buildActionMask = 2147483647;
			files = (
				4B325FA32162A85200B77A19 /* ZXEncodeHints.swift in Sources */,
				4BCD4981215F732D0004869A /* ZXBinaryBitmap.swift in Sources */,
				4B7D3A8D2160D6DB0075D468 /* ZXBoolArray.swift in Sources */,
				4B325F9A2162A37100B77A19 /* ZXBinarizer.swift in Sources */,
				4B7D3A842160CC980075D468 /* ZXLuminanceSource.swift in Sources */,
				4B7D3A812160C9D20075D468 /* ZXByteArray.swift in Sources */,
				4BCD497E215F73020004869A /* ZXResult.swift in Sources */,
				4B7D3A7E2160C7390075D468 /* ZXBitArray.swift in Sources */,
				4BB231AF215FC01B00ECFEE8 /* ZXDecodeHints.swift in Sources */,
				4B325F9D2162A77700B77A19 /* ZXByteMatrix.swift in Sources */,
				4B497DB321616CF500F366F1 /* ZXIntArray.swift in Sources */,
				4B7D3A872160CCE90075D468 /* ZXInvertedLuminanceSource.swift in Sources */,
				4B325FA02162A81800B77A19 /* ZXWriter.swift in Sources */,
				4BC0568D21602318006727A4 /* ZXResultMetadataType.swift in Sources */,
				4BCD497B215F72950004869A /* ZXReader.swift in Sources */,
				4BC0568A21602276006727A4 /* ZXBarcodeFormat.swift in Sources */,
				4B497DB62161723800F366F1 /* ZXBitMatrix.swift in Sources */,
				4B7D3A8A2160D5FC0075D468 /* ZXBitSource.swift in Sources */,
			);
			runOnlyForDeploymentPostprocessing = 0;
		};
		4BCD496C215F71220004869A /* Sources */ = {
			isa = PBXSourcesBuildPhase;
			buildActionMask = 2147483647;
			files = (
				4B325FA42162A85200B77A19 /* ZXEncodeHints.swift in Sources */,
				4BCD4982215F732D0004869A /* ZXBinaryBitmap.swift in Sources */,
				4B7D3A8E2160D6DB0075D468 /* ZXBoolArray.swift in Sources */,
				4B325F9B2162A37100B77A19 /* ZXBinarizer.swift in Sources */,
				4B7D3A852160CC980075D468 /* ZXLuminanceSource.swift in Sources */,
				4B7D3A822160C9D20075D468 /* ZXByteArray.swift in Sources */,
				4BCD497F215F73020004869A /* ZXResult.swift in Sources */,
				4B7D3A7F2160C7390075D468 /* ZXBitArray.swift in Sources */,
				4BB231B0215FC01B00ECFEE8 /* ZXDecodeHints.swift in Sources */,
				4B325F9E2162A77700B77A19 /* ZXByteMatrix.swift in Sources */,
				4B497DB421616CF500F366F1 /* ZXIntArray.swift in Sources */,
				4B7D3A882160CCE90075D468 /* ZXInvertedLuminanceSource.swift in Sources */,
				4B325FA12162A81800B77A19 /* ZXWriter.swift in Sources */,
				4BC0568E21602318006727A4 /* ZXResultMetadataType.swift in Sources */,
				4BCD497C215F72950004869A /* ZXReader.swift in Sources */,
				4BC0568B21602276006727A4 /* ZXBarcodeFormat.swift in Sources */,
				4B497DB72161723800F366F1 /* ZXBitMatrix.swift in Sources */,
				4B7D3A8B2160D5FC0075D468 /* ZXBitSource.swift in Sources */,
			);
			runOnlyForDeploymentPostprocessing = 0;
		};
		4BCD4984215F75870004869A /* Sources */ = {
			isa = PBXSourcesBuildPhase;
			buildActionMask = 2147483647;
			files = (
				4B497DBA2161726D00F366F1 /* ZXBitMatrixTestCase.swift in Sources */,
				4BCD498B215F75870004869A /* ZXResultTest.swift in Sources */,
				4BD97E1E2160E84B007D58CA /* ZXBitArrayTestCase.swift in Sources */,
			);
			runOnlyForDeploymentPostprocessing = 0;
		};
		4BCD4993215F75DF0004869A /* Sources */ = {
			isa = PBXSourcesBuildPhase;
			buildActionMask = 2147483647;
			files = (
				4B497DB92161726D00F366F1 /* ZXBitMatrixTestCase.swift in Sources */,
				4BCD49A2215F76390004869A /* ZXResultTest.swift in Sources */,
				4BD97E1D2160E84B007D58CA /* ZXBitArrayTestCase.swift in Sources */,
			);
			runOnlyForDeploymentPostprocessing = 0;
		};
/* End PBXSourcesBuildPhase section */

/* Begin PBXTargetDependency section */
		4BCD498F215F75870004869A /* PBXTargetDependency */ = {
			isa = PBXTargetDependency;
			target = 4BCD496F215F71220004869A /* zxingify macOS */;
			targetProxy = 4BCD498E215F75870004869A /* PBXContainerItemProxy */;
		};
		4BCD499E215F75DF0004869A /* PBXTargetDependency */ = {
			isa = PBXTargetDependency;
			target = 4BCD4961215F70B00004869A /* zxingify iOS */;
			targetProxy = 4BCD499D215F75DF0004869A /* PBXContainerItemProxy */;
		};
/* End PBXTargetDependency section */

/* Begin XCBuildConfiguration section */
		4BCD495B215F70030004869A /* Debug */ = {
			isa = XCBuildConfiguration;
			buildSettings = {
				PRODUCT_BUNDLE_IDENTIFIER = "io.github.$(PROJECT_NAME)";
				PRODUCT_NAME = "$(PROJECT_NAME)";
			};
			name = Debug;
		};
		4BCD495C215F70030004869A /* Release */ = {
			isa = XCBuildConfiguration;
			buildSettings = {
				PRODUCT_BUNDLE_IDENTIFIER = "io.github.$(PROJECT_NAME)";
				PRODUCT_NAME = "$(PROJECT_NAME)";
			};
			name = Release;
		};
		4BCD4969215F70B00004869A /* Debug */ = {
			isa = XCBuildConfiguration;
			buildSettings = {
				ALWAYS_SEARCH_USER_PATHS = NO;
				CLANG_ANALYZER_NONNULL = YES;
				CLANG_ANALYZER_NUMBER_OBJECT_CONVERSION = YES_AGGRESSIVE;
				CLANG_CXX_LANGUAGE_STANDARD = "gnu++14";
				CLANG_CXX_LIBRARY = "libc++";
				CLANG_ENABLE_MODULES = YES;
				CLANG_ENABLE_OBJC_ARC = YES;
				CLANG_ENABLE_OBJC_WEAK = YES;
				CLANG_WARN_BLOCK_CAPTURE_AUTORELEASING = YES;
				CLANG_WARN_BOOL_CONVERSION = YES;
				CLANG_WARN_COMMA = YES;
				CLANG_WARN_CONSTANT_CONVERSION = YES;
				CLANG_WARN_DEPRECATED_OBJC_IMPLEMENTATIONS = YES;
				CLANG_WARN_DIRECT_OBJC_ISA_USAGE = YES_ERROR;
				CLANG_WARN_DOCUMENTATION_COMMENTS = YES;
				CLANG_WARN_EMPTY_BODY = YES;
				CLANG_WARN_ENUM_CONVERSION = YES;
				CLANG_WARN_INFINITE_RECURSION = YES;
				CLANG_WARN_INT_CONVERSION = YES;
				CLANG_WARN_NON_LITERAL_NULL_CONVERSION = YES;
				CLANG_WARN_OBJC_IMPLICIT_RETAIN_SELF = YES;
				CLANG_WARN_OBJC_LITERAL_CONVERSION = YES;
				CLANG_WARN_OBJC_ROOT_CLASS = YES_ERROR;
				CLANG_WARN_RANGE_LOOP_ANALYSIS = YES;
				CLANG_WARN_STRICT_PROTOTYPES = YES;
				CLANG_WARN_SUSPICIOUS_MOVE = YES;
				CLANG_WARN_UNGUARDED_AVAILABILITY = YES_AGGRESSIVE;
				CLANG_WARN_UNREACHABLE_CODE = YES;
				CLANG_WARN__DUPLICATE_METHOD_MATCH = YES;
				CODE_SIGN_IDENTITY = "iPhone Developer";
				CODE_SIGN_STYLE = Automatic;
				COPY_PHASE_STRIP = NO;
				CURRENT_PROJECT_VERSION = 1;
				DEBUG_INFORMATION_FORMAT = dwarf;
				DEFINES_MODULE = YES;
				DYLIB_COMPATIBILITY_VERSION = 1;
				DYLIB_CURRENT_VERSION = 1;
				DYLIB_INSTALL_NAME_BASE = "@rpath";
				ENABLE_STRICT_OBJC_MSGSEND = YES;
				ENABLE_TESTABILITY = YES;
				GCC_C_LANGUAGE_STANDARD = gnu11;
				GCC_DYNAMIC_NO_PIC = NO;
				GCC_NO_COMMON_BLOCKS = YES;
				GCC_OPTIMIZATION_LEVEL = 0;
				GCC_PREPROCESSOR_DEFINITIONS = (
					"DEBUG=1",
					"$(inherited)",
				);
				GCC_WARN_64_TO_32_BIT_CONVERSION = YES;
				GCC_WARN_ABOUT_RETURN_TYPE = YES_ERROR;
				GCC_WARN_UNDECLARED_SELECTOR = YES;
				GCC_WARN_UNINITIALIZED_AUTOS = YES_AGGRESSIVE;
				GCC_WARN_UNUSED_FUNCTION = YES;
				GCC_WARN_UNUSED_VARIABLE = YES;
				INFOPLIST_FILE = "$(SRCROOT)/Sources/Info-iOS.plist";
				INSTALL_PATH = "$(LOCAL_LIBRARY_DIR)/Frameworks";
				IPHONEOS_DEPLOYMENT_TARGET = 12.0;
				LD_RUNPATH_SEARCH_PATHS = (
					"$(inherited)",
					"@executable_path/Frameworks",
					"@loader_path/Frameworks",
				);
				MTL_ENABLE_DEBUG_INFO = INCLUDE_SOURCE;
				MTL_FAST_MATH = YES;
				ONLY_ACTIVE_ARCH = YES;
				SDKROOT = iphoneos;
				SKIP_INSTALL = YES;
				SWIFT_ACTIVE_COMPILATION_CONDITIONS = DEBUG;
				SWIFT_OPTIMIZATION_LEVEL = "-Onone";
				SWIFT_VERSION = 4.2;
				TARGETED_DEVICE_FAMILY = "1,2";
				VERSIONING_SYSTEM = "apple-generic";
				VERSION_INFO_PREFIX = "";
			};
			name = Debug;
		};
		4BCD496A215F70B00004869A /* Release */ = {
			isa = XCBuildConfiguration;
			buildSettings = {
				ALWAYS_SEARCH_USER_PATHS = NO;
				CLANG_ANALYZER_NONNULL = YES;
				CLANG_ANALYZER_NUMBER_OBJECT_CONVERSION = YES_AGGRESSIVE;
				CLANG_CXX_LANGUAGE_STANDARD = "gnu++14";
				CLANG_CXX_LIBRARY = "libc++";
				CLANG_ENABLE_MODULES = YES;
				CLANG_ENABLE_OBJC_ARC = YES;
				CLANG_ENABLE_OBJC_WEAK = YES;
				CLANG_WARN_BLOCK_CAPTURE_AUTORELEASING = YES;
				CLANG_WARN_BOOL_CONVERSION = YES;
				CLANG_WARN_COMMA = YES;
				CLANG_WARN_CONSTANT_CONVERSION = YES;
				CLANG_WARN_DEPRECATED_OBJC_IMPLEMENTATIONS = YES;
				CLANG_WARN_DIRECT_OBJC_ISA_USAGE = YES_ERROR;
				CLANG_WARN_DOCUMENTATION_COMMENTS = YES;
				CLANG_WARN_EMPTY_BODY = YES;
				CLANG_WARN_ENUM_CONVERSION = YES;
				CLANG_WARN_INFINITE_RECURSION = YES;
				CLANG_WARN_INT_CONVERSION = YES;
				CLANG_WARN_NON_LITERAL_NULL_CONVERSION = YES;
				CLANG_WARN_OBJC_IMPLICIT_RETAIN_SELF = YES;
				CLANG_WARN_OBJC_LITERAL_CONVERSION = YES;
				CLANG_WARN_OBJC_ROOT_CLASS = YES_ERROR;
				CLANG_WARN_RANGE_LOOP_ANALYSIS = YES;
				CLANG_WARN_STRICT_PROTOTYPES = YES;
				CLANG_WARN_SUSPICIOUS_MOVE = YES;
				CLANG_WARN_UNGUARDED_AVAILABILITY = YES_AGGRESSIVE;
				CLANG_WARN_UNREACHABLE_CODE = YES;
				CLANG_WARN__DUPLICATE_METHOD_MATCH = YES;
				CODE_SIGN_IDENTITY = "iPhone Developer";
				CODE_SIGN_STYLE = Automatic;
				COPY_PHASE_STRIP = NO;
				CURRENT_PROJECT_VERSION = 1;
				DEBUG_INFORMATION_FORMAT = "dwarf-with-dsym";
				DEFINES_MODULE = YES;
				DYLIB_COMPATIBILITY_VERSION = 1;
				DYLIB_CURRENT_VERSION = 1;
				DYLIB_INSTALL_NAME_BASE = "@rpath";
				ENABLE_NS_ASSERTIONS = NO;
				ENABLE_STRICT_OBJC_MSGSEND = YES;
				GCC_C_LANGUAGE_STANDARD = gnu11;
				GCC_NO_COMMON_BLOCKS = YES;
				GCC_WARN_64_TO_32_BIT_CONVERSION = YES;
				GCC_WARN_ABOUT_RETURN_TYPE = YES_ERROR;
				GCC_WARN_UNDECLARED_SELECTOR = YES;
				GCC_WARN_UNINITIALIZED_AUTOS = YES_AGGRESSIVE;
				GCC_WARN_UNUSED_FUNCTION = YES;
				GCC_WARN_UNUSED_VARIABLE = YES;
				INFOPLIST_FILE = "$(SRCROOT)/Sources/Info-iOS.plist";
				INSTALL_PATH = "$(LOCAL_LIBRARY_DIR)/Frameworks";
				IPHONEOS_DEPLOYMENT_TARGET = 12.0;
				LD_RUNPATH_SEARCH_PATHS = (
					"$(inherited)",
					"@executable_path/Frameworks",
					"@loader_path/Frameworks",
				);
				MTL_ENABLE_DEBUG_INFO = NO;
				MTL_FAST_MATH = YES;
				SDKROOT = iphoneos;
				SKIP_INSTALL = YES;
				SWIFT_COMPILATION_MODE = wholemodule;
				SWIFT_OPTIMIZATION_LEVEL = "-O";
				SWIFT_VERSION = 4.2;
				TARGETED_DEVICE_FAMILY = "1,2";
				VALIDATE_PRODUCT = YES;
				VERSIONING_SYSTEM = "apple-generic";
				VERSION_INFO_PREFIX = "";
			};
			name = Release;
		};
		4BCD4976215F71220004869A /* Debug */ = {
			isa = XCBuildConfiguration;
			buildSettings = {
				ALWAYS_SEARCH_USER_PATHS = NO;
				CLANG_ANALYZER_NONNULL = YES;
				CLANG_ANALYZER_NUMBER_OBJECT_CONVERSION = YES_AGGRESSIVE;
				CLANG_CXX_LANGUAGE_STANDARD = "gnu++14";
				CLANG_CXX_LIBRARY = "libc++";
				CLANG_ENABLE_MODULES = YES;
				CLANG_ENABLE_OBJC_ARC = YES;
				CLANG_ENABLE_OBJC_WEAK = YES;
				CLANG_WARN_BLOCK_CAPTURE_AUTORELEASING = YES;
				CLANG_WARN_BOOL_CONVERSION = YES;
				CLANG_WARN_COMMA = YES;
				CLANG_WARN_CONSTANT_CONVERSION = YES;
				CLANG_WARN_DEPRECATED_OBJC_IMPLEMENTATIONS = YES;
				CLANG_WARN_DIRECT_OBJC_ISA_USAGE = YES_ERROR;
				CLANG_WARN_DOCUMENTATION_COMMENTS = YES;
				CLANG_WARN_EMPTY_BODY = YES;
				CLANG_WARN_ENUM_CONVERSION = YES;
				CLANG_WARN_INFINITE_RECURSION = YES;
				CLANG_WARN_INT_CONVERSION = YES;
				CLANG_WARN_NON_LITERAL_NULL_CONVERSION = YES;
				CLANG_WARN_OBJC_IMPLICIT_RETAIN_SELF = YES;
				CLANG_WARN_OBJC_LITERAL_CONVERSION = YES;
				CLANG_WARN_OBJC_ROOT_CLASS = YES_ERROR;
				CLANG_WARN_RANGE_LOOP_ANALYSIS = YES;
				CLANG_WARN_STRICT_PROTOTYPES = YES;
				CLANG_WARN_SUSPICIOUS_MOVE = YES;
				CLANG_WARN_UNGUARDED_AVAILABILITY = YES_AGGRESSIVE;
				CLANG_WARN_UNREACHABLE_CODE = YES;
				CLANG_WARN__DUPLICATE_METHOD_MATCH = YES;
				CODE_SIGN_IDENTITY = "-";
				CODE_SIGN_STYLE = Automatic;
				COMBINE_HIDPI_IMAGES = YES;
				COPY_PHASE_STRIP = NO;
				CURRENT_PROJECT_VERSION = 1;
				DEBUG_INFORMATION_FORMAT = dwarf;
				DEFINES_MODULE = YES;
				DYLIB_COMPATIBILITY_VERSION = 1;
				DYLIB_CURRENT_VERSION = 1;
				DYLIB_INSTALL_NAME_BASE = "@rpath";
				ENABLE_STRICT_OBJC_MSGSEND = YES;
				ENABLE_TESTABILITY = YES;
				FRAMEWORK_VERSION = A;
				GCC_C_LANGUAGE_STANDARD = gnu11;
				GCC_DYNAMIC_NO_PIC = NO;
				GCC_NO_COMMON_BLOCKS = YES;
				GCC_OPTIMIZATION_LEVEL = 0;
				GCC_PREPROCESSOR_DEFINITIONS = (
					"DEBUG=1",
					"$(inherited)",
				);
				GCC_WARN_64_TO_32_BIT_CONVERSION = YES;
				GCC_WARN_ABOUT_RETURN_TYPE = YES_ERROR;
				GCC_WARN_UNDECLARED_SELECTOR = YES;
				GCC_WARN_UNINITIALIZED_AUTOS = YES_AGGRESSIVE;
				GCC_WARN_UNUSED_FUNCTION = YES;
				GCC_WARN_UNUSED_VARIABLE = YES;
				INFOPLIST_FILE = "$(SRCROOT)/Sources/Info-macOS.plist";
				INSTALL_PATH = "$(LOCAL_LIBRARY_DIR)/Frameworks";
				LD_RUNPATH_SEARCH_PATHS = (
					"$(inherited)",
					"@executable_path/../Frameworks",
					"@loader_path/Frameworks",
				);
				MACOSX_DEPLOYMENT_TARGET = 10.14;
				MTL_ENABLE_DEBUG_INFO = INCLUDE_SOURCE;
				MTL_FAST_MATH = YES;
				ONLY_ACTIVE_ARCH = YES;
				SDKROOT = macosx;
				SKIP_INSTALL = YES;
				SWIFT_ACTIVE_COMPILATION_CONDITIONS = DEBUG;
				SWIFT_OPTIMIZATION_LEVEL = "-Onone";
				SWIFT_VERSION = 4.2;
				VERSIONING_SYSTEM = "apple-generic";
				VERSION_INFO_PREFIX = "";
			};
			name = Debug;
		};
		4BCD4977215F71220004869A /* Release */ = {
			isa = XCBuildConfiguration;
			buildSettings = {
				ALWAYS_SEARCH_USER_PATHS = NO;
				CLANG_ANALYZER_NONNULL = YES;
				CLANG_ANALYZER_NUMBER_OBJECT_CONVERSION = YES_AGGRESSIVE;
				CLANG_CXX_LANGUAGE_STANDARD = "gnu++14";
				CLANG_CXX_LIBRARY = "libc++";
				CLANG_ENABLE_MODULES = YES;
				CLANG_ENABLE_OBJC_ARC = YES;
				CLANG_ENABLE_OBJC_WEAK = YES;
				CLANG_WARN_BLOCK_CAPTURE_AUTORELEASING = YES;
				CLANG_WARN_BOOL_CONVERSION = YES;
				CLANG_WARN_COMMA = YES;
				CLANG_WARN_CONSTANT_CONVERSION = YES;
				CLANG_WARN_DEPRECATED_OBJC_IMPLEMENTATIONS = YES;
				CLANG_WARN_DIRECT_OBJC_ISA_USAGE = YES_ERROR;
				CLANG_WARN_DOCUMENTATION_COMMENTS = YES;
				CLANG_WARN_EMPTY_BODY = YES;
				CLANG_WARN_ENUM_CONVERSION = YES;
				CLANG_WARN_INFINITE_RECURSION = YES;
				CLANG_WARN_INT_CONVERSION = YES;
				CLANG_WARN_NON_LITERAL_NULL_CONVERSION = YES;
				CLANG_WARN_OBJC_IMPLICIT_RETAIN_SELF = YES;
				CLANG_WARN_OBJC_LITERAL_CONVERSION = YES;
				CLANG_WARN_OBJC_ROOT_CLASS = YES_ERROR;
				CLANG_WARN_RANGE_LOOP_ANALYSIS = YES;
				CLANG_WARN_STRICT_PROTOTYPES = YES;
				CLANG_WARN_SUSPICIOUS_MOVE = YES;
				CLANG_WARN_UNGUARDED_AVAILABILITY = YES_AGGRESSIVE;
				CLANG_WARN_UNREACHABLE_CODE = YES;
				CLANG_WARN__DUPLICATE_METHOD_MATCH = YES;
				CODE_SIGN_IDENTITY = "-";
				CODE_SIGN_STYLE = Automatic;
				COMBINE_HIDPI_IMAGES = YES;
				COPY_PHASE_STRIP = NO;
				CURRENT_PROJECT_VERSION = 1;
				DEBUG_INFORMATION_FORMAT = "dwarf-with-dsym";
				DEFINES_MODULE = YES;
				DYLIB_COMPATIBILITY_VERSION = 1;
				DYLIB_CURRENT_VERSION = 1;
				DYLIB_INSTALL_NAME_BASE = "@rpath";
				ENABLE_NS_ASSERTIONS = NO;
				ENABLE_STRICT_OBJC_MSGSEND = YES;
				FRAMEWORK_VERSION = A;
				GCC_C_LANGUAGE_STANDARD = gnu11;
				GCC_NO_COMMON_BLOCKS = YES;
				GCC_WARN_64_TO_32_BIT_CONVERSION = YES;
				GCC_WARN_ABOUT_RETURN_TYPE = YES_ERROR;
				GCC_WARN_UNDECLARED_SELECTOR = YES;
				GCC_WARN_UNINITIALIZED_AUTOS = YES_AGGRESSIVE;
				GCC_WARN_UNUSED_FUNCTION = YES;
				GCC_WARN_UNUSED_VARIABLE = YES;
				INFOPLIST_FILE = "$(SRCROOT)/Sources/Info-macOS.plist";
				INSTALL_PATH = "$(LOCAL_LIBRARY_DIR)/Frameworks";
				LD_RUNPATH_SEARCH_PATHS = (
					"$(inherited)",
					"@executable_path/../Frameworks",
					"@loader_path/Frameworks",
				);
				MACOSX_DEPLOYMENT_TARGET = 10.14;
				MTL_ENABLE_DEBUG_INFO = NO;
				MTL_FAST_MATH = YES;
				SDKROOT = macosx;
				SKIP_INSTALL = YES;
				SWIFT_COMPILATION_MODE = wholemodule;
				SWIFT_OPTIMIZATION_LEVEL = "-O";
				SWIFT_VERSION = 4.2;
				VERSIONING_SYSTEM = "apple-generic";
				VERSION_INFO_PREFIX = "";
			};
			name = Release;
		};
		4BCD4991215F75870004869A /* Debug */ = {
			isa = XCBuildConfiguration;
			buildSettings = {
				ALWAYS_SEARCH_USER_PATHS = NO;
				CLANG_ANALYZER_NONNULL = YES;
				CLANG_ANALYZER_NUMBER_OBJECT_CONVERSION = YES_AGGRESSIVE;
				CLANG_CXX_LANGUAGE_STANDARD = "gnu++14";
				CLANG_CXX_LIBRARY = "libc++";
				CLANG_ENABLE_MODULES = YES;
				CLANG_ENABLE_OBJC_ARC = YES;
				CLANG_ENABLE_OBJC_WEAK = YES;
				CLANG_WARN_BLOCK_CAPTURE_AUTORELEASING = YES;
				CLANG_WARN_BOOL_CONVERSION = YES;
				CLANG_WARN_COMMA = YES;
				CLANG_WARN_CONSTANT_CONVERSION = YES;
				CLANG_WARN_DEPRECATED_OBJC_IMPLEMENTATIONS = YES;
				CLANG_WARN_DIRECT_OBJC_ISA_USAGE = YES_ERROR;
				CLANG_WARN_DOCUMENTATION_COMMENTS = YES;
				CLANG_WARN_EMPTY_BODY = YES;
				CLANG_WARN_ENUM_CONVERSION = YES;
				CLANG_WARN_INFINITE_RECURSION = YES;
				CLANG_WARN_INT_CONVERSION = YES;
				CLANG_WARN_NON_LITERAL_NULL_CONVERSION = YES;
				CLANG_WARN_OBJC_IMPLICIT_RETAIN_SELF = YES;
				CLANG_WARN_OBJC_LITERAL_CONVERSION = YES;
				CLANG_WARN_OBJC_ROOT_CLASS = YES_ERROR;
				CLANG_WARN_RANGE_LOOP_ANALYSIS = YES;
				CLANG_WARN_STRICT_PROTOTYPES = YES;
				CLANG_WARN_SUSPICIOUS_MOVE = YES;
				CLANG_WARN_UNGUARDED_AVAILABILITY = YES_AGGRESSIVE;
				CLANG_WARN_UNREACHABLE_CODE = YES;
				CLANG_WARN__DUPLICATE_METHOD_MATCH = YES;
				CODE_SIGN_IDENTITY = "-";
				CODE_SIGN_STYLE = Automatic;
				COMBINE_HIDPI_IMAGES = YES;
				COPY_PHASE_STRIP = NO;
				DEBUG_INFORMATION_FORMAT = dwarf;
				ENABLE_STRICT_OBJC_MSGSEND = YES;
				ENABLE_TESTABILITY = YES;
				GCC_C_LANGUAGE_STANDARD = gnu11;
				GCC_DYNAMIC_NO_PIC = NO;
				GCC_NO_COMMON_BLOCKS = YES;
				GCC_OPTIMIZATION_LEVEL = 0;
				GCC_PREPROCESSOR_DEFINITIONS = (
					"DEBUG=1",
					"$(inherited)",
				);
				GCC_WARN_64_TO_32_BIT_CONVERSION = YES;
				GCC_WARN_ABOUT_RETURN_TYPE = YES_ERROR;
				GCC_WARN_UNDECLARED_SELECTOR = YES;
				GCC_WARN_UNINITIALIZED_AUTOS = YES_AGGRESSIVE;
				GCC_WARN_UNUSED_FUNCTION = YES;
				GCC_WARN_UNUSED_VARIABLE = YES;
				INFOPLIST_FILE = "$(SRCROOT)/Tests/Info-macOS-Tests.plist";
				LD_RUNPATH_SEARCH_PATHS = (
					"$(inherited)",
					"@executable_path/../Frameworks",
					"@loader_path/../Frameworks",
				);
				MACOSX_DEPLOYMENT_TARGET = 10.14;
				MTL_ENABLE_DEBUG_INFO = INCLUDE_SOURCE;
				MTL_FAST_MATH = YES;
				ONLY_ACTIVE_ARCH = YES;
				PRODUCT_NAME = "$(TARGET_NAME)";
				SDKROOT = macosx;
				SWIFT_ACTIVE_COMPILATION_CONDITIONS = DEBUG;
				SWIFT_OPTIMIZATION_LEVEL = "-Onone";
				SWIFT_VERSION = 4.2;
			};
			name = Debug;
		};
		4BCD4992215F75870004869A /* Release */ = {
			isa = XCBuildConfiguration;
			buildSettings = {
				ALWAYS_SEARCH_USER_PATHS = NO;
				CLANG_ANALYZER_NONNULL = YES;
				CLANG_ANALYZER_NUMBER_OBJECT_CONVERSION = YES_AGGRESSIVE;
				CLANG_CXX_LANGUAGE_STANDARD = "gnu++14";
				CLANG_CXX_LIBRARY = "libc++";
				CLANG_ENABLE_MODULES = YES;
				CLANG_ENABLE_OBJC_ARC = YES;
				CLANG_ENABLE_OBJC_WEAK = YES;
				CLANG_WARN_BLOCK_CAPTURE_AUTORELEASING = YES;
				CLANG_WARN_BOOL_CONVERSION = YES;
				CLANG_WARN_COMMA = YES;
				CLANG_WARN_CONSTANT_CONVERSION = YES;
				CLANG_WARN_DEPRECATED_OBJC_IMPLEMENTATIONS = YES;
				CLANG_WARN_DIRECT_OBJC_ISA_USAGE = YES_ERROR;
				CLANG_WARN_DOCUMENTATION_COMMENTS = YES;
				CLANG_WARN_EMPTY_BODY = YES;
				CLANG_WARN_ENUM_CONVERSION = YES;
				CLANG_WARN_INFINITE_RECURSION = YES;
				CLANG_WARN_INT_CONVERSION = YES;
				CLANG_WARN_NON_LITERAL_NULL_CONVERSION = YES;
				CLANG_WARN_OBJC_IMPLICIT_RETAIN_SELF = YES;
				CLANG_WARN_OBJC_LITERAL_CONVERSION = YES;
				CLANG_WARN_OBJC_ROOT_CLASS = YES_ERROR;
				CLANG_WARN_RANGE_LOOP_ANALYSIS = YES;
				CLANG_WARN_STRICT_PROTOTYPES = YES;
				CLANG_WARN_SUSPICIOUS_MOVE = YES;
				CLANG_WARN_UNGUARDED_AVAILABILITY = YES_AGGRESSIVE;
				CLANG_WARN_UNREACHABLE_CODE = YES;
				CLANG_WARN__DUPLICATE_METHOD_MATCH = YES;
				CODE_SIGN_IDENTITY = "-";
				CODE_SIGN_STYLE = Automatic;
				COMBINE_HIDPI_IMAGES = YES;
				COPY_PHASE_STRIP = NO;
				DEBUG_INFORMATION_FORMAT = "dwarf-with-dsym";
				ENABLE_NS_ASSERTIONS = NO;
				ENABLE_STRICT_OBJC_MSGSEND = YES;
				GCC_C_LANGUAGE_STANDARD = gnu11;
				GCC_NO_COMMON_BLOCKS = YES;
				GCC_WARN_64_TO_32_BIT_CONVERSION = YES;
				GCC_WARN_ABOUT_RETURN_TYPE = YES_ERROR;
				GCC_WARN_UNDECLARED_SELECTOR = YES;
				GCC_WARN_UNINITIALIZED_AUTOS = YES_AGGRESSIVE;
				GCC_WARN_UNUSED_FUNCTION = YES;
				GCC_WARN_UNUSED_VARIABLE = YES;
				INFOPLIST_FILE = "$(SRCROOT)/Tests/Info-macOS-Tests.plist";
				LD_RUNPATH_SEARCH_PATHS = (
					"$(inherited)",
					"@executable_path/../Frameworks",
					"@loader_path/../Frameworks",
				);
				MACOSX_DEPLOYMENT_TARGET = 10.14;
				MTL_ENABLE_DEBUG_INFO = NO;
				MTL_FAST_MATH = YES;
				PRODUCT_NAME = "$(TARGET_NAME)";
				SDKROOT = macosx;
				SWIFT_COMPILATION_MODE = wholemodule;
				SWIFT_OPTIMIZATION_LEVEL = "-O";
				SWIFT_VERSION = 4.2;
			};
			name = Release;
		};
		4BCD49A0215F75DF0004869A /* Debug */ = {
			isa = XCBuildConfiguration;
			buildSettings = {
				ALWAYS_SEARCH_USER_PATHS = NO;
				CLANG_ANALYZER_NONNULL = YES;
				CLANG_ANALYZER_NUMBER_OBJECT_CONVERSION = YES_AGGRESSIVE;
				CLANG_CXX_LANGUAGE_STANDARD = "gnu++14";
				CLANG_CXX_LIBRARY = "libc++";
				CLANG_ENABLE_MODULES = YES;
				CLANG_ENABLE_OBJC_ARC = YES;
				CLANG_ENABLE_OBJC_WEAK = YES;
				CLANG_WARN_BLOCK_CAPTURE_AUTORELEASING = YES;
				CLANG_WARN_BOOL_CONVERSION = YES;
				CLANG_WARN_COMMA = YES;
				CLANG_WARN_CONSTANT_CONVERSION = YES;
				CLANG_WARN_DEPRECATED_OBJC_IMPLEMENTATIONS = YES;
				CLANG_WARN_DIRECT_OBJC_ISA_USAGE = YES_ERROR;
				CLANG_WARN_DOCUMENTATION_COMMENTS = YES;
				CLANG_WARN_EMPTY_BODY = YES;
				CLANG_WARN_ENUM_CONVERSION = YES;
				CLANG_WARN_INFINITE_RECURSION = YES;
				CLANG_WARN_INT_CONVERSION = YES;
				CLANG_WARN_NON_LITERAL_NULL_CONVERSION = YES;
				CLANG_WARN_OBJC_IMPLICIT_RETAIN_SELF = YES;
				CLANG_WARN_OBJC_LITERAL_CONVERSION = YES;
				CLANG_WARN_OBJC_ROOT_CLASS = YES_ERROR;
				CLANG_WARN_RANGE_LOOP_ANALYSIS = YES;
				CLANG_WARN_STRICT_PROTOTYPES = YES;
				CLANG_WARN_SUSPICIOUS_MOVE = YES;
				CLANG_WARN_UNGUARDED_AVAILABILITY = YES_AGGRESSIVE;
				CLANG_WARN_UNREACHABLE_CODE = YES;
				CLANG_WARN__DUPLICATE_METHOD_MATCH = YES;
				CODE_SIGN_IDENTITY = "iPhone Developer";
				CODE_SIGN_STYLE = Automatic;
				COPY_PHASE_STRIP = NO;
				DEBUG_INFORMATION_FORMAT = dwarf;
				ENABLE_STRICT_OBJC_MSGSEND = YES;
				ENABLE_TESTABILITY = YES;
				GCC_C_LANGUAGE_STANDARD = gnu11;
				GCC_DYNAMIC_NO_PIC = NO;
				GCC_NO_COMMON_BLOCKS = YES;
				GCC_OPTIMIZATION_LEVEL = 0;
				GCC_PREPROCESSOR_DEFINITIONS = (
					"DEBUG=1",
					"$(inherited)",
				);
				GCC_WARN_64_TO_32_BIT_CONVERSION = YES;
				GCC_WARN_ABOUT_RETURN_TYPE = YES_ERROR;
				GCC_WARN_UNDECLARED_SELECTOR = YES;
				GCC_WARN_UNINITIALIZED_AUTOS = YES_AGGRESSIVE;
				GCC_WARN_UNUSED_FUNCTION = YES;
				GCC_WARN_UNUSED_VARIABLE = YES;
				INFOPLIST_FILE = "$(SRCROOT)/Tests/Info-iOS-Tests.plist";
				IPHONEOS_DEPLOYMENT_TARGET = 12.0;
				LD_RUNPATH_SEARCH_PATHS = (
					"$(inherited)",
					"@executable_path/Frameworks",
					"@loader_path/Frameworks",
				);
				MTL_ENABLE_DEBUG_INFO = INCLUDE_SOURCE;
				MTL_FAST_MATH = YES;
				ONLY_ACTIVE_ARCH = YES;
				PRODUCT_NAME = "$(TARGET_NAME)";
				SDKROOT = iphoneos;
				SWIFT_ACTIVE_COMPILATION_CONDITIONS = DEBUG;
				SWIFT_OPTIMIZATION_LEVEL = "-Onone";
				SWIFT_VERSION = 4.2;
				TARGETED_DEVICE_FAMILY = "1,2";
			};
			name = Debug;
		};
		4BCD49A1215F75DF0004869A /* Release */ = {
			isa = XCBuildConfiguration;
			buildSettings = {
				ALWAYS_SEARCH_USER_PATHS = NO;
				CLANG_ANALYZER_NONNULL = YES;
				CLANG_ANALYZER_NUMBER_OBJECT_CONVERSION = YES_AGGRESSIVE;
				CLANG_CXX_LANGUAGE_STANDARD = "gnu++14";
				CLANG_CXX_LIBRARY = "libc++";
				CLANG_ENABLE_MODULES = YES;
				CLANG_ENABLE_OBJC_ARC = YES;
				CLANG_ENABLE_OBJC_WEAK = YES;
				CLANG_WARN_BLOCK_CAPTURE_AUTORELEASING = YES;
				CLANG_WARN_BOOL_CONVERSION = YES;
				CLANG_WARN_COMMA = YES;
				CLANG_WARN_CONSTANT_CONVERSION = YES;
				CLANG_WARN_DEPRECATED_OBJC_IMPLEMENTATIONS = YES;
				CLANG_WARN_DIRECT_OBJC_ISA_USAGE = YES_ERROR;
				CLANG_WARN_DOCUMENTATION_COMMENTS = YES;
				CLANG_WARN_EMPTY_BODY = YES;
				CLANG_WARN_ENUM_CONVERSION = YES;
				CLANG_WARN_INFINITE_RECURSION = YES;
				CLANG_WARN_INT_CONVERSION = YES;
				CLANG_WARN_NON_LITERAL_NULL_CONVERSION = YES;
				CLANG_WARN_OBJC_IMPLICIT_RETAIN_SELF = YES;
				CLANG_WARN_OBJC_LITERAL_CONVERSION = YES;
				CLANG_WARN_OBJC_ROOT_CLASS = YES_ERROR;
				CLANG_WARN_RANGE_LOOP_ANALYSIS = YES;
				CLANG_WARN_STRICT_PROTOTYPES = YES;
				CLANG_WARN_SUSPICIOUS_MOVE = YES;
				CLANG_WARN_UNGUARDED_AVAILABILITY = YES_AGGRESSIVE;
				CLANG_WARN_UNREACHABLE_CODE = YES;
				CLANG_WARN__DUPLICATE_METHOD_MATCH = YES;
				CODE_SIGN_IDENTITY = "iPhone Developer";
				CODE_SIGN_STYLE = Automatic;
				COPY_PHASE_STRIP = NO;
				DEBUG_INFORMATION_FORMAT = "dwarf-with-dsym";
				ENABLE_NS_ASSERTIONS = NO;
				ENABLE_STRICT_OBJC_MSGSEND = YES;
				GCC_C_LANGUAGE_STANDARD = gnu11;
				GCC_NO_COMMON_BLOCKS = YES;
				GCC_WARN_64_TO_32_BIT_CONVERSION = YES;
				GCC_WARN_ABOUT_RETURN_TYPE = YES_ERROR;
				GCC_WARN_UNDECLARED_SELECTOR = YES;
				GCC_WARN_UNINITIALIZED_AUTOS = YES_AGGRESSIVE;
				GCC_WARN_UNUSED_FUNCTION = YES;
				GCC_WARN_UNUSED_VARIABLE = YES;
				INFOPLIST_FILE = "$(SRCROOT)/Tests/Info-iOS-Tests.plist";
				IPHONEOS_DEPLOYMENT_TARGET = 12.0;
				LD_RUNPATH_SEARCH_PATHS = (
					"$(inherited)",
					"@executable_path/Frameworks",
					"@loader_path/Frameworks",
				);
				MTL_ENABLE_DEBUG_INFO = NO;
				MTL_FAST_MATH = YES;
				PRODUCT_NAME = "$(TARGET_NAME)";
				SDKROOT = iphoneos;
				SWIFT_COMPILATION_MODE = wholemodule;
				SWIFT_OPTIMIZATION_LEVEL = "-O";
				SWIFT_VERSION = 4.2;
				TARGETED_DEVICE_FAMILY = "1,2";
				VALIDATE_PRODUCT = YES;
			};
			name = Release;
		};
/* End XCBuildConfiguration section */

/* Begin XCConfigurationList section */
		4BCD495A215F70030004869A /* Build configuration list for PBXProject "zxingify" */ = {
			isa = XCConfigurationList;
			buildConfigurations = (
				4BCD495B215F70030004869A /* Debug */,
				4BCD495C215F70030004869A /* Release */,
			);
			defaultConfigurationIsVisible = 0;
			defaultConfigurationName = Release;
		};
		4BCD4968215F70B00004869A /* Build configuration list for PBXNativeTarget "zxingify iOS" */ = {
			isa = XCConfigurationList;
			buildConfigurations = (
				4BCD4969215F70B00004869A /* Debug */,
				4BCD496A215F70B00004869A /* Release */,
			);
			defaultConfigurationIsVisible = 0;
			defaultConfigurationName = Release;
		};
		4BCD4975215F71220004869A /* Build configuration list for PBXNativeTarget "zxingify macOS" */ = {
			isa = XCConfigurationList;
			buildConfigurations = (
				4BCD4976215F71220004869A /* Debug */,
				4BCD4977215F71220004869A /* Release */,
			);
			defaultConfigurationIsVisible = 0;
			defaultConfigurationName = Release;
		};
		4BCD4990215F75870004869A /* Build configuration list for PBXNativeTarget "zxingify macOS Tests" */ = {
			isa = XCConfigurationList;
			buildConfigurations = (
				4BCD4991215F75870004869A /* Debug */,
				4BCD4992215F75870004869A /* Release */,
			);
			defaultConfigurationIsVisible = 0;
			defaultConfigurationName = Release;
		};
		4BCD499F215F75DF0004869A /* Build configuration list for PBXNativeTarget "zxingify iOS Tests" */ = {
			isa = XCConfigurationList;
			buildConfigurations = (
				4BCD49A0215F75DF0004869A /* Debug */,
				4BCD49A1215F75DF0004869A /* Release */,
			);
			defaultConfigurationIsVisible = 0;
			defaultConfigurationName = Release;
		};
/* End XCConfigurationList section */
	};
	rootObject = 4BCD4957215F70030004869A /* Project object */;
}
